{
  "requires": true,
  "lockfileVersion": 1,
  "dependencies": {
    "@angular/core": {
      "version": "11.2.10",
      "resolved": "https://registry.npmjs.org/@angular/core/-/core-11.2.10.tgz",
      "integrity": "sha512-1nZGSVZPvTA6rFJhoivcUKm2YBx9A+569cV1UTPlXjcpO+wNcrrXG+6yjxS2wAffTWEQ7xA0ajyo8mZrpqqw9Q==",
      "requires": {
        "tslib": "^2.0.0"
      }
    },
    "@angular/http": {
      "version": "7.2.16",
      "resolved": "https://registry.npmjs.org/@angular/http/-/http-7.2.16.tgz",
      "integrity": "sha512-yvjbNyzFSmmz4UTjCdy5M8mk0cZqf9TvSf8yN5UVIwtw4joyuUdlgJCuin0qSbQOKIf/JjHoofpO2JkPCGSNww==",
      "requires": {
        "tslib": "^1.9.0"
      },
      "dependencies": {
        "tslib": {
          "version": "1.14.1",
          "resolved": "https://registry.npmjs.org/tslib/-/tslib-1.14.1.tgz",
          "integrity": "sha512-Xni35NKzjgMrwevysHTCArtLDpPvye8zV/0E4EyYn43P7/7qvQwPh9BGkHewbMulVntbigmcT7rdX3BNo9wRJg=="
        }
      }
    },
    "ngx-countdown": {
      "version": "11.0.3",
      "resolved": "https://registry.npmjs.org/ngx-countdown/-/ngx-countdown-11.0.3.tgz",
      "integrity": "sha512-Porzyl9jo/lS0eg6dUS0UEloRyfk9naDeL2iSt/4Wwmogq+hlHXUDvVuLm/kO7haAGYOQPSsuAIoFB4m9fRMTg==",
      "requires": {
        "tslib": "^2.0.0"
      }
    },
    "tslib": {
      "version": "2.2.0",
      "resolved": "https://registry.npmjs.org/tslib/-/tslib-2.2.0.tgz",
      "integrity": "sha512-gS9GVHRU+RGn5KQM2rllAlR3dU6m7AcpJKdtH8gFvQiC4Otgk98XnmMU+nZenHt/+VhnBPWwgrJsyrdcw6i23w=="
    }
  }
}
